
Microsoft Visual Studio Solution File, Format Version 12.00
# Visual Studio Version 17
VisualStudioVersion = 17.6.33815.320
MinimumVisualStudioVersion = 10.0.40219.1
Project("{FAE04EC0-301F-11D3-BF4B-00C04F79EFBC}") = "AngularApiMain", "AngularApiMain\AngularApiMain.csproj", "{D718F392-463B-466F-849E-730C83037B33}"
EndProject
Global
	GlobalSection(SolutionConfigurationPlatforms) = preSolution
		Debug|Any CPU = Debug|Any CPU
		Release|Any CPU = Release|Any CPU
	EndGlobalSection
	GlobalSection(ProjectConfigurationPlatforms) = postSolution
		{D718F392-463B-466F-849E-730C83037B33}.Debug|Any CPU.ActiveCfg = Debug|Any CPU
		{D718F392-463B-466F-849E-730C83037B33}.Debug|Any CPU.Build.0 = Debug|Any CPU
		{D718F392-463B-466F-849E-730C83037B33}.Release|Any CPU.ActiveCfg = Release|Any CPU
		{D718F392-463B-466F-849E-730C83037B33}.Release|Any CPU.Build.0 = Release|Any CPU
	EndGlobalSection
	GlobalSection(SolutionProperties) = preSolution
		HideSolutionNode = FALSE
	EndGlobalSection
	GlobalSection(ExtensibilityGlobals) = postSolution
		SolutionGuid = {72D97E6C-3690-41BE-B99A-E8B5DC40F9B1}
	EndGlobalSection
EndGlobal
